
Microsoft Visual Studio Solution File, Format Version 12.00
# Visual Studio Version 17
VisualStudioVersion = 17.0.31903.59
MinimumVisualStudioVersion = 10.0.40219.1
Project("{9A19103F-16F7-4668-BE54-9A1E7A4F7556}") = "SpaceForceEvaluations", "SpaceForceEvaluations.csproj", "{5A18C3B0-0978-4F90-89C8-162E2A3B0A1D}"
	ProjectSection(ProjectDependencies) = postProject
		{0ADA1C22-7594-4212-A080-F2D6BB51614A} = {0ADA1C22-7594-4212-A080-F2D6BB51614A}
	EndProjectSection
EndProject
Project("{2150E333-8FDC-42A3-9474-1A3956D46DE8}") = "Solution Items", "Solution Items", "{68C9F084-ECD4-4D34-AB04-838A309DCDDF}"
	ProjectSection(SolutionItems) = preProject
		.editorconfig = .editorconfig
	EndProjectSection
EndProject
Project("{9A19103F-16F7-4668-BE54-9A1E7A4F7556}") = "SpaceForceEvaluationAppLibrary", "SpaceForceEvaluationAppLibrary\SpaceForceEvaluationAppLibrary.csproj", "{0ADA1C22-7594-4212-A080-F2D6BB51614A}"
EndProject
Global
	GlobalSection(SolutionConfigurationPlatforms) = preSolution
		Debug|Any CPU = Debug|Any CPU
		Release|Any CPU = Release|Any CPU
	EndGlobalSection
	GlobalSection(ProjectConfigurationPlatforms) = postSolution
		{5A18C3B0-0978-4F90-89C8-162E2A3B0A1D}.Debug|Any CPU.ActiveCfg = Debug|Any CPU
		{5A18C3B0-0978-4F90-89C8-162E2A3B0A1D}.Debug|Any CPU.Build.0 = Debug|Any CPU
		{5A18C3B0-0978-4F90-89C8-162E2A3B0A1D}.Release|Any CPU.ActiveCfg = Release|Any CPU
		{5A18C3B0-0978-4F90-89C8-162E2A3B0A1D}.Release|Any CPU.Build.0 = Release|Any CPU
		{0ADA1C22-7594-4212-A080-F2D6BB51614A}.Debug|Any CPU.ActiveCfg = Debug|Any CPU
		{0ADA1C22-7594-4212-A080-F2D6BB51614A}.Debug|Any CPU.Build.0 = Debug|Any CPU
		{0ADA1C22-7594-4212-A080-F2D6BB51614A}.Release|Any CPU.ActiveCfg = Release|Any CPU
		{0ADA1C22-7594-4212-A080-F2D6BB51614A}.Release|Any CPU.Build.0 = Release|Any CPU
	EndGlobalSection
	GlobalSection(SolutionProperties) = preSolution
		HideSolutionNode = FALSE
	EndGlobalSection
	GlobalSection(ExtensibilityGlobals) = postSolution
		SolutionGuid = {5679B50F-C235-4DCD-B705-E24F4E91DF20}
	EndGlobalSection
EndGlobal
