
Microsoft Visual Studio Solution File, Format Version 12.00
# Visual Studio Version 17
VisualStudioVersion = 17.0.31903.59
MinimumVisualStudioVersion = 10.0.40219.1
Project("{FAE04EC0-301F-11D3-BF4B-00C04F79EFBC}") = "Space Force Evaluation Project", "Space Force Evaluation Project\Space Force Evaluation Project.csproj", "{98315146-52C9-4355-A708-0B06002E5C34}"
EndProject
Global
	GlobalSection(SolutionConfigurationPlatforms) = preSolution
		Debug|Any CPU = Debug|Any CPU
		Release|Any CPU = Release|Any CPU
	EndGlobalSection
	GlobalSection(ProjectConfigurationPlatforms) = postSolution
		{98315146-52C9-4355-A708-0B06002E5C34}.Debug|Any CPU.ActiveCfg = Debug|Any CPU
		{98315146-52C9-4355-A708-0B06002E5C34}.Debug|Any CPU.Build.0 = Debug|Any CPU
		{98315146-52C9-4355-A708-0B06002E5C34}.Release|Any CPU.ActiveCfg = Release|Any CPU
		{98315146-52C9-4355-A708-0B06002E5C34}.Release|Any CPU.Build.0 = Release|Any CPU
	EndGlobalSection
	GlobalSection(SolutionProperties) = preSolution
		HideSolutionNode = FALSE
	EndGlobalSection
	GlobalSection(ExtensibilityGlobals) = postSolution
		SolutionGuid = {331673CC-1850-4EFC-B897-273BFA6D6640}
	EndGlobalSection
EndGlobal
