
Microsoft Visual Studio Solution File, Format Version 12.00
# Visual Studio Version 17
VisualStudioVersion = 17.0.31903.59
MinimumVisualStudioVersion = 10.0.40219.1
Project("{FAE04EC0-301F-11D3-BF4B-00C04F79EFBC}") = "Space Force Evaluations", "Space Force Evaluations\Space Force Evaluations.csproj", "{A080527A-342E-415C-9F95-0AC79E03ADBF}"
EndProject
Global
	GlobalSection(SolutionConfigurationPlatforms) = preSolution
		Debug|Any CPU = Debug|Any CPU
		Release|Any CPU = Release|Any CPU
	EndGlobalSection
	GlobalSection(ProjectConfigurationPlatforms) = postSolution
		{A080527A-342E-415C-9F95-0AC79E03ADBF}.Debug|Any CPU.ActiveCfg = Debug|Any CPU
		{A080527A-342E-415C-9F95-0AC79E03ADBF}.Debug|Any CPU.Build.0 = Debug|Any CPU
		{A080527A-342E-415C-9F95-0AC79E03ADBF}.Release|Any CPU.ActiveCfg = Release|Any CPU
		{A080527A-342E-415C-9F95-0AC79E03ADBF}.Release|Any CPU.Build.0 = Release|Any CPU
	EndGlobalSection
	GlobalSection(SolutionProperties) = preSolution
		HideSolutionNode = FALSE
	EndGlobalSection
	GlobalSection(ExtensibilityGlobals) = postSolution
		SolutionGuid = {B47ACC01-2106-4334-B7E6-A1D38902DD60}
	EndGlobalSection
EndGlobal
